
Microsoft Visual Studio Solution File, Format Version 12.00
# Visual Studio Version 17
VisualStudioVersion = 17.14.36301.6
MinimumVisualStudioVersion = 10.0.40219.1
Project("{FAE04EC0-301F-11D3-BF4B-00C04F79EFBC}") = "WinMLLabDemo", "WinMLLabDemo\WinMLLabDemo.csproj", "{D3412935-2A25-4B61-BAE4-BD7732A88E6B}"
EndProject
Global
	GlobalSection(SolutionConfigurationPlatforms) = preSolution
		Debug|Any CPU = Debug|Any CPU
		Release|Any CPU = Release|Any CPU
	EndGlobalSection
	GlobalSection(ProjectConfigurationPlatforms) = postSolution
		{D3412935-2A25-4B61-BAE4-BD7732A88E6B}.Debug|Any CPU.ActiveCfg = Debug|Any CPU
		{D3412935-2A25-4B61-BAE4-BD7732A88E6B}.Debug|Any CPU.Build.0 = Debug|Any CPU
		{D3412935-2A25-4B61-BAE4-BD7732A88E6B}.Release|Any CPU.ActiveCfg = Release|Any CPU
		{D3412935-2A25-4B61-BAE4-BD7732A88E6B}.Release|Any CPU.Build.0 = Release|Any CPU
	EndGlobalSection
	GlobalSection(SolutionProperties) = preSolution
		HideSolutionNode = FALSE
	EndGlobalSection
	GlobalSection(ExtensibilityGlobals) = postSolution
		SolutionGuid = {84A7304A-113C-4879-9ECA-77996D33116D}
	EndGlobalSection
EndGlobal
